
Microsoft Visual Studio Solution File, Format Version 12.00
# Visual Studio 15
VisualStudioVersion = 15.0.28307.1145
MinimumVisualStudioVersion = 10.0.40219.1
Project("{FAE04EC0-301F-11D3-BF4B-00C04F79EFBC}") = "WebApplication3", "WebApplication3\WebApplication3.csproj", "{CF469ECF-6E1A-4A09-8025-67D89E0FF693}"
EndProject
Global
	GlobalSection(SolutionConfigurationPlatforms) = preSolution
		Debug|Any CPU = Debug|Any CPU
		Release|Any CPU = Release|Any CPU
	EndGlobalSection
	GlobalSection(ProjectConfigurationPlatforms) = postSolution
		{CF469ECF-6E1A-4A09-8025-67D89E0FF693}.Debug|Any CPU.ActiveCfg = Debug|Any CPU
		{CF469ECF-6E1A-4A09-8025-67D89E0FF693}.Debug|Any CPU.Build.0 = Debug|Any CPU
		{CF469ECF-6E1A-4A09-8025-67D89E0FF693}.Release|Any CPU.ActiveCfg = Release|Any CPU
		{CF469ECF-6E1A-4A09-8025-67D89E0FF693}.Release|Any CPU.Build.0 = Release|Any CPU
	EndGlobalSection
	GlobalSection(SolutionProperties) = preSolution
		HideSolutionNode = FALSE
	EndGlobalSection
	GlobalSection(ExtensibilityGlobals) = postSolution
		SolutionGuid = {CC874782-F4E4-460E-BDD1-4C6C5936150A}
	EndGlobalSection
EndGlobal
